// !$*UTF8*$!
{
	archiveVersion = 1;
	classes = {
	};
	objectVersion = 50;
	objects = {

/* Begin PBXBuildFile section */
		D90E0F892436C7A300C1CCAD /* MASShortcut.framework in Frameworks */ = {isa = PBXBuildFile; fileRef = D90E0F882436C7A300C1CCAD /* MASShortcut.framework */; };
		D90E0F8A2436C7A300C1CCAD /* MASShortcut.framework in Embed Frameworks */ = {isa = PBXBuildFile; fileRef = D90E0F882436C7A300C1CCAD /* MASShortcut.framework */; settings = {ATTRIBUTES = (CodeSignOnCopy, RemoveHeadersOnCopy, ); }; };
		D90E0F8E2436C7EE00C1CCAD /* MASShortcut.framework.dSYM in CopyFiles */ = {isa = PBXBuildFile; fileRef = D90E0F8D2436C7EE00C1CCAD /* MASShortcut.framework.dSYM */; };
		D95898C4243942DA00ADDB46 /* AXSwift.framework in Frameworks */ = {isa = PBXBuildFile; fileRef = D95898C3243942DA00ADDB46 /* AXSwift.framework */; };
		D95898C5243942DA00ADDB46 /* AXSwift.framework in Embed Frameworks */ = {isa = PBXBuildFile; fileRef = D95898C3243942DA00ADDB46 /* AXSwift.framework */; settings = {ATTRIBUTES = (CodeSignOnCopy, RemoveHeadersOnCopy, ); }; };
		D95898C7243942F000ADDB46 /* AXSwift.framework.dSYM in CopyFiles */ = {isa = PBXBuildFile; fileRef = D95898C6243942F000ADDB46 /* AXSwift.framework.dSYM */; };
		D966CDFE243A60B80039E7BE /* AXSwift+Result.swift in Sources */ = {isa = PBXBuildFile; fileRef = D966CDFD243A60B80039E7BE /* AXSwift+Result.swift */; };
		D966CE04243A7AA80039E7BE /* Result+Getters.swift in Sources */ = {isa = PBXBuildFile; fileRef = D966CE03243A7AA80039E7BE /* Result+Getters.swift */; };
		D98CB7A9243438E600EA4590 /* AppDelegate.swift in Sources */ = {isa = PBXBuildFile; fileRef = D98CB7A8243438E600EA4590 /* AppDelegate.swift */; };
		D98CB7AB243438E600EA4590 /* ContentView.swift in Sources */ = {isa = PBXBuildFile; fileRef = D98CB7AA243438E600EA4590 /* ContentView.swift */; };
		D98CB7AD243438E600EA4590 /* Assets.xcassets in Resources */ = {isa = PBXBuildFile; fileRef = D98CB7AC243438E600EA4590 /* Assets.xcassets */; };
		D98CB7B0243438E600EA4590 /* Preview Assets.xcassets in Resources */ = {isa = PBXBuildFile; fileRef = D98CB7AF243438E600EA4590 /* Preview Assets.xcassets */; };
		D98CB7B3243438E700EA4590 /* Main.storyboard in Resources */ = {isa = PBXBuildFile; fileRef = D98CB7B1243438E700EA4590 /* Main.storyboard */; };
		D9C004832436D7E400728BC4 /* WindowManager.swift in Sources */ = {isa = PBXBuildFile; fileRef = D9C004822436D7E400728BC4 /* WindowManager.swift */; };
/* End PBXBuildFile section */

/* Begin PBXCopyFilesBuildPhase section */
		D90E0F8B2436C7A300C1CCAD /* Embed Frameworks */ = {
			isa = PBXCopyFilesBuildPhase;
			buildActionMask = 2147483647;
			dstPath = "";
			dstSubfolderSpec = 10;
			files = (
				D90E0F8A2436C7A300C1CCAD /* MASShortcut.framework in Embed Frameworks */,
				D95898C5243942DA00ADDB46 /* AXSwift.framework in Embed Frameworks */,
			);
			name = "Embed Frameworks";
			runOnlyForDeploymentPostprocessing = 0;
		};
		D90E0F8C2436C7C200C1CCAD /* CopyFiles */ = {
			isa = PBXCopyFilesBuildPhase;
			buildActionMask = 2147483647;
			dstPath = "";
			dstSubfolderSpec = 16;
			files = (
				D95898C7243942F000ADDB46 /* AXSwift.framework.dSYM in CopyFiles */,
				D90E0F8E2436C7EE00C1CCAD /* MASShortcut.framework.dSYM in CopyFiles */,
			);
			runOnlyForDeploymentPostprocessing = 0;
		};
/* End PBXCopyFilesBuildPhase section */

/* Begin PBXFileReference section */
		D90E0F882436C7A300C1CCAD /* MASShortcut.framework */ = {isa = PBXFileReference; lastKnownFileType = wrapper.framework; name = MASShortcut.framework; path = Carthage/Build/Mac/MASShortcut.framework; sourceTree = "<group>"; };
		D90E0F8D2436C7EE00C1CCAD /* MASShortcut.framework.dSYM */ = {isa = PBXFileReference; lastKnownFileType = wrapper.dsym; name = MASShortcut.framework.dSYM; path = Carthage/Build/Mac/MASShortcut.framework.dSYM; sourceTree = "<group>"; };
		D95898C3243942DA00ADDB46 /* AXSwift.framework */ = {isa = PBXFileReference; lastKnownFileType = wrapper.framework; name = AXSwift.framework; path = Carthage/Build/Mac/AXSwift.framework; sourceTree = "<group>"; };
		D95898C6243942F000ADDB46 /* AXSwift.framework.dSYM */ = {isa = PBXFileReference; lastKnownFileType = wrapper.dsym; name = AXSwift.framework.dSYM; path = Carthage/Build/Mac/AXSwift.framework.dSYM; sourceTree = "<group>"; };
		D966CDFD243A60B80039E7BE /* AXSwift+Result.swift */ = {isa = PBXFileReference; lastKnownFileType = sourcecode.swift; path = "AXSwift+Result.swift"; sourceTree = "<group>"; };
		D966CE03243A7AA80039E7BE /* Result+Getters.swift */ = {isa = PBXFileReference; lastKnownFileType = sourcecode.swift; path = "Result+Getters.swift"; sourceTree = "<group>"; };
		D98CB7A5243438E600EA4590 /* portals.app */ = {isa = PBXFileReference; explicitFileType = wrapper.application; includeInIndex = 0; path = portals.app; sourceTree = BUILT_PRODUCTS_DIR; };
		D98CB7A8243438E600EA4590 /* AppDelegate.swift */ = {isa = PBXFileReference; lastKnownFileType = sourcecode.swift; path = AppDelegate.swift; sourceTree = "<group>"; };
		D98CB7AA243438E600EA4590 /* ContentView.swift */ = {isa = PBXFileReference; lastKnownFileType = sourcecode.swift; path = ContentView.swift; sourceTree = "<group>"; };
		D98CB7AC243438E600EA4590 /* Assets.xcassets */ = {isa = PBXFileReference; lastKnownFileType = folder.assetcatalog; path = Assets.xcassets; sourceTree = "<group>"; };
		D98CB7AF243438E600EA4590 /* Preview Assets.xcassets */ = {isa = PBXFileReference; lastKnownFileType = folder.assetcatalog; path = "Preview Assets.xcassets"; sourceTree = "<group>"; };
		D98CB7B2243438E700EA4590 /* Base */ = {isa = PBXFileReference; lastKnownFileType = file.storyboard; name = Base; path = Base.lproj/Main.storyboard; sourceTree = "<group>"; };
		D98CB7B4243438E700EA4590 /* Info.plist */ = {isa = PBXFileReference; lastKnownFileType = text.plist.xml; path = Info.plist; sourceTree = "<group>"; };
		D98CB7B5243438E700EA4590 /* portals.entitlements */ = {isa = PBXFileReference; lastKnownFileType = text.plist.entitlements; path = portals.entitlements; sourceTree = "<group>"; };
		D9C004822436D7E400728BC4 /* WindowManager.swift */ = {isa = PBXFileReference; lastKnownFileType = sourcecode.swift; path = WindowManager.swift; sourceTree = "<group>"; };
/* End PBXFileReference section */

/* Begin PBXFrameworksBuildPhase section */
		D98CB7A2243438E600EA4590 /* Frameworks */ = {
			isa = PBXFrameworksBuildPhase;
			buildActionMask = 2147483647;
			files = (
				D90E0F892436C7A300C1CCAD /* MASShortcut.framework in Frameworks */,
				D95898C4243942DA00ADDB46 /* AXSwift.framework in Frameworks */,
			);
			runOnlyForDeploymentPostprocessing = 0;
		};
/* End PBXFrameworksBuildPhase section */

/* Begin PBXGroup section */
		D90E0F872436C7A300C1CCAD /* Frameworks */ = {
			isa = PBXGroup;
			children = (
				D95898CB2439431600ADDB46 /* dSYMs */,
				D95898C3243942DA00ADDB46 /* AXSwift.framework */,
				D90E0F882436C7A300C1CCAD /* MASShortcut.framework */,
			);
			name = Frameworks;
			sourceTree = "<group>";
		};
		D95898CB2439431600ADDB46 /* dSYMs */ = {
			isa = PBXGroup;
			children = (
				D95898C6243942F000ADDB46 /* AXSwift.framework.dSYM */,
				D90E0F8D2436C7EE00C1CCAD /* MASShortcut.framework.dSYM */,
			);
			name = dSYMs;
			sourceTree = "<group>";
		};
		D966CE00243A60D20039E7BE /* Supporting Files */ = {
			isa = PBXGroup;
			children = (
				D98CB7B5243438E700EA4590 /* portals.entitlements */,
				D98CB7B4243438E700EA4590 /* Info.plist */,
				D98CB7AC243438E600EA4590 /* Assets.xcassets */,
				D98CB7B1243438E700EA4590 /* Main.storyboard */,
				D98CB7AE243438E600EA4590 /* Preview Content */,
			);
			name = "Supporting Files";
			sourceTree = "<group>";
		};
		D98CB79C243438E600EA4590 = {
			isa = PBXGroup;
			children = (
				D98CB7A7243438E600EA4590 /* portals */,
				D98CB7A6243438E600EA4590 /* Products */,
				D90E0F872436C7A300C1CCAD /* Frameworks */,
			);
			sourceTree = "<group>";
		};
		D98CB7A6243438E600EA4590 /* Products */ = {
			isa = PBXGroup;
			children = (
				D98CB7A5243438E600EA4590 /* portals.app */,
			);
			name = Products;
			sourceTree = "<group>";
		};
		D98CB7A7243438E600EA4590 /* portals */ = {
			isa = PBXGroup;
			children = (
				D98CB7A8243438E600EA4590 /* AppDelegate.swift */,
				D966CDFD243A60B80039E7BE /* AXSwift+Result.swift */,
				D98CB7AA243438E600EA4590 /* ContentView.swift */,
				D966CE03243A7AA80039E7BE /* Result+Getters.swift */,
				D9C004822436D7E400728BC4 /* WindowManager.swift */,
				D966CE00243A60D20039E7BE /* Supporting Files */,
			);
			path = portals;
			sourceTree = "<group>";
		};
		D98CB7AE243438E600EA4590 /* Preview Content */ = {
			isa = PBXGroup;
			children = (
				D98CB7AF243438E600EA4590 /* Preview Assets.xcassets */,
			);
			path = "Preview Content";
			sourceTree = "<group>";
		};
/* End PBXGroup section */

/* Begin PBXNativeTarget section */
		D98CB7A4243438E600EA4590 /* portals */ = {
			isa = PBXNativeTarget;
			buildConfigurationList = D98CB7B8243438E700EA4590 /* Build configuration list for PBXNativeTarget "portals" */;
			buildPhases = (
				D98CB7A1243438E600EA4590 /* Sources */,
				D98CB7A2243438E600EA4590 /* Frameworks */,
				D98CB7A3243438E600EA4590 /* Resources */,
				D90E0F8B2436C7A300C1CCAD /* Embed Frameworks */,
				D90E0F8C2436C7C200C1CCAD /* CopyFiles */,
			);
			buildRules = (
			);
			dependencies = (
			);
			name = portals;
			productName = portals;
			productReference = D98CB7A5243438E600EA4590 /* portals.app */;
			productType = "com.apple.product-type.application";
		};
/* End PBXNativeTarget section */

/* Begin PBXProject section */
		D98CB79D243438E600EA4590 /* Project object */ = {
			isa = PBXProject;
			attributes = {
				LastSwiftUpdateCheck = 1130;
				LastUpgradeCheck = 1130;
				ORGANIZATIONNAME = "natasha-codes";
				TargetAttributes = {
					D98CB7A4243438E600EA4590 = {
						CreatedOnToolsVersion = 11.3;
					};
				};
			};
			buildConfigurationList = D98CB7A0243438E600EA4590 /* Build configuration list for PBXProject "portals" */;
			compatibilityVersion = "Xcode 9.3";
			developmentRegion = en;
			hasScannedForEncodings = 0;
			knownRegions = (
				en,
				Base,
			);
			mainGroup = D98CB79C243438E600EA4590;
			productRefGroup = D98CB7A6243438E600EA4590 /* Products */;
			projectDirPath = "";
			projectRoot = "";
			targets = (
				D98CB7A4243438E600EA4590 /* portals */,
			);
		};
/* End PBXProject section */

/* Begin PBXResourcesBuildPhase section */
		D98CB7A3243438E600EA4590 /* Resources */ = {
			isa = PBXResourcesBuildPhase;
			buildActionMask = 2147483647;
			files = (
				D98CB7B3243438E700EA4590 /* Main.storyboard in Resources */,
				D98CB7B0243438E600EA4590 /* Preview Assets.xcassets in Resources */,
				D98CB7AD243438E600EA4590 /* Assets.xcassets in Resources */,
			);
			runOnlyForDeploymentPostprocessing = 0;
		};
/* End PBXResourcesBuildPhase section */

/* Begin PBXSourcesBuildPhase section */
		D98CB7A1243438E600EA4590 /* Sources */ = {
			isa = PBXSourcesBuildPhase;
			buildActionMask = 2147483647;
			files = (
				D98CB7AB243438E600EA4590 /* ContentView.swift in Sources */,
				D966CE04243A7AA80039E7BE /* Result+Getters.swift in Sources */,
				D9C004832436D7E400728BC4 /* WindowManager.swift in Sources */,
				D98CB7A9243438E600EA4590 /* AppDelegate.swift in Sources */,
				D966CDFE243A60B80039E7BE /* AXSwift+Result.swift in Sources */,
			);
			runOnlyForDeploymentPostprocessing = 0;
		};
/* End PBXSourcesBuildPhase section */

/* Begin PBXVariantGroup section */
		D98CB7B1243438E700EA4590 /* Main.storyboard */ = {
			isa = PBXVariantGroup;
			children = (
				D98CB7B2243438E700EA4590 /* Base */,
			);
			name = Main.storyboard;
			sourceTree = "<group>";
		};
/* End PBXVariantGroup section */

/* Begin XCBuildConfiguration section */
		D98CB7B6243438E700EA4590 /* Debug */ = {
			isa = XCBuildConfiguration;
			buildSettings = {
				ALWAYS_SEARCH_USER_PATHS = NO;
				CLANG_ANALYZER_NONNULL = YES;
				CLANG_ANALYZER_NUMBER_OBJECT_CONVERSION = YES_AGGRESSIVE;
				CLANG_CXX_LANGUAGE_STANDARD = "gnu++14";
				CLANG_CXX_LIBRARY = "libc++";
				CLANG_ENABLE_MODULES = YES;
				CLANG_ENABLE_OBJC_ARC = YES;
				CLANG_ENABLE_OBJC_WEAK = YES;
				CLANG_WARN_BLOCK_CAPTURE_AUTORELEASING = YES;
				CLANG_WARN_BOOL_CONVERSION = YES;
				CLANG_WARN_COMMA = YES;
				CLANG_WARN_CONSTANT_CONVERSION = YES;
				CLANG_WARN_DEPRECATED_OBJC_IMPLEMENTATIONS = YES;
				CLANG_WARN_DIRECT_OBJC_ISA_USAGE = YES_ERROR;
				CLANG_WARN_DOCUMENTATION_COMMENTS = YES;
				CLANG_WARN_EMPTY_BODY = YES;
				CLANG_WARN_ENUM_CONVERSION = YES;
				CLANG_WARN_INFINITE_RECURSION = YES;
				CLANG_WARN_INT_CONVERSION = YES;
				CLANG_WARN_NON_LITERAL_NULL_CONVERSION = YES;
				CLANG_WARN_OBJC_IMPLICIT_RETAIN_SELF = YES;
				CLANG_WARN_OBJC_LITERAL_CONVERSION = YES;
				CLANG_WARN_OBJC_ROOT_CLASS = YES_ERROR;
				CLANG_WARN_RANGE_LOOP_ANALYSIS = YES;
				CLANG_WARN_STRICT_PROTOTYPES = YES;
				CLANG_WARN_SUSPICIOUS_MOVE = YES;
				CLANG_WARN_UNGUARDED_AVAILABILITY = YES_AGGRESSIVE;
				CLANG_WARN_UNREACHABLE_CODE = YES;
				CLANG_WARN__DUPLICATE_METHOD_MATCH = YES;
				COPY_PHASE_STRIP = NO;
				DEBUG_INFORMATION_FORMAT = dwarf;
				ENABLE_STRICT_OBJC_MSGSEND = YES;
				ENABLE_TESTABILITY = YES;
				GCC_C_LANGUAGE_STANDARD = gnu11;
				GCC_DYNAMIC_NO_PIC = NO;
				GCC_NO_COMMON_BLOCKS = YES;
				GCC_OPTIMIZATION_LEVEL = 0;
				GCC_PREPROCESSOR_DEFINITIONS = (
					"DEBUG=1",
					"$(inherited)",
				);
				GCC_WARN_64_TO_32_BIT_CONVERSION = YES;
				GCC_WARN_ABOUT_RETURN_TYPE = YES_ERROR;
				GCC_WARN_UNDECLARED_SELECTOR = YES;
				GCC_WARN_UNINITIALIZED_AUTOS = YES_AGGRESSIVE;
				GCC_WARN_UNUSED_FUNCTION = YES;
				GCC_WARN_UNUSED_VARIABLE = YES;
				MACOSX_DEPLOYMENT_TARGET = 10.15;
				MTL_ENABLE_DEBUG_INFO = INCLUDE_SOURCE;
				MTL_FAST_MATH = YES;
				ONLY_ACTIVE_ARCH = YES;
				SDKROOT = macosx;
				SWIFT_ACTIVE_COMPILATION_CONDITIONS = DEBUG;
				SWIFT_OPTIMIZATION_LEVEL = "-Onone";
			};
			name = Debug;
		};
		D98CB7B7243438E700EA4590 /* Release */ = {
			isa = XCBuildConfiguration;
			buildSettings = {
				ALWAYS_SEARCH_USER_PATHS = NO;
				CLANG_ANALYZER_NONNULL = YES;
				CLANG_ANALYZER_NUMBER_OBJECT_CONVERSION = YES_AGGRESSIVE;
				CLANG_CXX_LANGUAGE_STANDARD = "gnu++14";
				CLANG_CXX_LIBRARY = "libc++";
				CLANG_ENABLE_MODULES = YES;
				CLANG_ENABLE_OBJC_ARC = YES;
				CLANG_ENABLE_OBJC_WEAK = YES;
				CLANG_WARN_BLOCK_CAPTURE_AUTORELEASING = YES;
				CLANG_WARN_BOOL_CONVERSION = YES;
				CLANG_WARN_COMMA = YES;
				CLANG_WARN_CONSTANT_CONVERSION = YES;
				CLANG_WARN_DEPRECATED_OBJC_IMPLEMENTATIONS = YES;
				CLANG_WARN_DIRECT_OBJC_ISA_USAGE = YES_ERROR;
				CLANG_WARN_DOCUMENTATION_COMMENTS = YES;
				CLANG_WARN_EMPTY_BODY = YES;
				CLANG_WARN_ENUM_CONVERSION = YES;
				CLANG_WARN_INFINITE_RECURSION = YES;
				CLANG_WARN_INT_CONVERSION = YES;
				CLANG_WARN_NON_LITERAL_NULL_CONVERSION = YES;
				CLANG_WARN_OBJC_IMPLICIT_RETAIN_SELF = YES;
				CLANG_WARN_OBJC_LITERAL_CONVERSION = YES;
				CLANG_WARN_OBJC_ROOT_CLASS = YES_ERROR;
				CLANG_WARN_RANGE_LOOP_ANALYSIS = YES;
				CLANG_WARN_STRICT_PROTOTYPES = YES;
				CLANG_WARN_SUSPICIOUS_MOVE = YES;
				CLANG_WARN_UNGUARDED_AVAILABILITY = YES_AGGRESSIVE;
				CLANG_WARN_UNREACHABLE_CODE = YES;
				CLANG_WARN__DUPLICATE_METHOD_MATCH = YES;
				COPY_PHASE_STRIP = NO;
				DEBUG_INFORMATION_FORMAT = "dwarf-with-dsym";
				ENABLE_NS_ASSERTIONS = NO;
				ENABLE_STRICT_OBJC_MSGSEND = YES;
				GCC_C_LANGUAGE_STANDARD = gnu11;
				GCC_NO_COMMON_BLOCKS = YES;
				GCC_WARN_64_TO_32_BIT_CONVERSION = YES;
				GCC_WARN_ABOUT_RETURN_TYPE = YES_ERROR;
				GCC_WARN_UNDECLARED_SELECTOR = YES;
				GCC_WARN_UNINITIALIZED_AUTOS = YES_AGGRESSIVE;
				GCC_WARN_UNUSED_FUNCTION = YES;
				GCC_WARN_UNUSED_VARIABLE = YES;
				MACOSX_DEPLOYMENT_TARGET = 10.15;
				MTL_ENABLE_DEBUG_INFO = NO;
				MTL_FAST_MATH = YES;
				SDKROOT = macosx;
				SWIFT_COMPILATION_MODE = wholemodule;
				SWIFT_OPTIMIZATION_LEVEL = "-O";
			};
			name = Release;
		};
		D98CB7B9243438E700EA4590 /* Debug */ = {
			isa = XCBuildConfiguration;
			buildSettings = {
				ASSETCATALOG_COMPILER_APPICON_NAME = AppIcon;
				CODE_SIGN_ENTITLEMENTS = portals/portals.entitlements;
				CODE_SIGN_IDENTITY = "Apple Development";
				CODE_SIGN_STYLE = Manual;
				COMBINE_HIDPI_IMAGES = YES;
				DEVELOPMENT_ASSET_PATHS = "\"portals/Preview Content\"";
				DEVELOPMENT_TEAM = UG9NWXG877;
				ENABLE_HARDENED_RUNTIME = YES;
				ENABLE_PREVIEWS = YES;
				FRAMEWORK_SEARCH_PATHS = (
					"$(inherited)",
					"$(PROJECT_DIR)/Carthage/Build/Mac",
				);
				INFOPLIST_FILE = portals/Info.plist;
				LD_RUNPATH_SEARCH_PATHS = (
					"$(inherited)",
					"@executable_path/../Frameworks",
				);
				MACOSX_DEPLOYMENT_TARGET = 10.15;
				PRODUCT_BUNDLE_IDENTIFIER = "com.natasha-codes.portals";
				PRODUCT_NAME = "$(TARGET_NAME)";
				PROVISIONING_PROFILE_SPECIFIER = "";
				SWIFT_VERSION = 5.0;
			};
			name = Debug;
		};
		D98CB7BA243438E700EA4590 /* Release */ = {
			isa = XCBuildConfiguration;
			buildSettings = {
				ASSETCATALOG_COMPILER_APPICON_NAME = AppIcon;
				CODE_SIGN_ENTITLEMENTS = portals/portals.entitlements;
				CODE_SIGN_IDENTITY = "Apple Development";
				CODE_SIGN_STYLE = Manual;
				COMBINE_HIDPI_IMAGES = YES;
				DEVELOPMENT_ASSET_PATHS = "\"portals/Preview Content\"";
				DEVELOPMENT_TEAM = UG9NWXG877;
				ENABLE_HARDENED_RUNTIME = YES;
				ENABLE_PREVIEWS = YES;
				FRAMEWORK_SEARCH_PATHS = (
					"$(inherited)",
					"$(PROJECT_DIR)/Carthage/Build/Mac",
				);
				INFOPLIST_FILE = portals/Info.plist;
				LD_RUNPATH_SEARCH_PATHS = (
					"$(inherited)",
					"@executable_path/../Frameworks",
				);
				MACOSX_DEPLOYMENT_TARGET = 10.15;
				PRODUCT_BUNDLE_IDENTIFIER = "com.natasha-codes.portals";
				PRODUCT_NAME = "$(TARGET_NAME)";
				PROVISIONING_PROFILE_SPECIFIER = "";
				SWIFT_VERSION = 5.0;
			};
			name = Release;
		};
/* End XCBuildConfiguration section */

/* Begin XCConfigurationList section */
		D98CB7A0243438E600EA4590 /* Build configuration list for PBXProject "portals" */ = {
			isa = XCConfigurationList;
			buildConfigurations = (
				D98CB7B6243438E700EA4590 /* Debug */,
				D98CB7B7243438E700EA4590 /* Release */,
			);
			defaultConfigurationIsVisible = 0;
			defaultConfigurationName = Release;
		};
		D98CB7B8243438E700EA4590 /* Build configuration list for PBXNativeTarget "portals" */ = {
			isa = XCConfigurationList;
			buildConfigurations = (
				D98CB7B9243438E700EA4590 /* Debug */,
				D98CB7BA243438E700EA4590 /* Release */,
			);
			defaultConfigurationIsVisible = 0;
			defaultConfigurationName = Release;
		};
/* End XCConfigurationList section */
	};
	rootObject = D98CB79D243438E600EA4590 /* Project object */;
}
